Microsoft Visual Studio Solution File, Format Version 12.00
# Visual Studio Version 17
VisualStudioVersion = 17.5.2.0
MinimumVisualStudioVersion = 10.0.40219.1
Project("{FAE04EC0-301F-11D3-BF4B-00C04F79EFBC}") = "KillerSudoku", "KillerSudoku.csproj", "{04A78D55-3FD6-AFA0-4121-624D56300140}"
EndProject
Global
	GlobalSection(SolutionConfigurationPlatforms) = preSolution
		Debug|Any CPU = Debug|Any CPU
		Release|Any CPU = Release|Any CPU
	EndGlobalSection
	GlobalSection(ProjectConfigurationPlatforms) = postSolution
		{04A78D55-3FD6-AFA0-4121-624D56300140}.Debug|Any CPU.ActiveCfg = Debug|Any CPU
		{04A78D55-3FD6-AFA0-4121-624D56300140}.Debug|Any CPU.Build.0 = Debug|Any CPU
		{04A78D55-3FD6-AFA0-4121-624D56300140}.Release|Any CPU.ActiveCfg = Release|Any CPU
		{04A78D55-3FD6-AFA0-4121-624D56300140}.Release|Any CPU.Build.0 = Release|Any CPU
	EndGlobalSection
	GlobalSection(SolutionProperties) = preSolution
		HideSolutionNode = FALSE
	EndGlobalSection
	GlobalSection(ExtensibilityGlobals) = postSolution
		SolutionGuid = {69EF9BF9-9B02-4C96-B32C-84D0FAE2656D}
	EndGlobalSection
EndGlobal
